
Microsoft Visual Studio Solution File, Format Version 12.00
# Visual Studio Version 17
VisualStudioVersion = 17.11.35222.181
MinimumVisualStudioVersion = 10.0.40219.1
Project("{FAE04EC0-301F-11D3-BF4B-00C04F79EFBC}") = "Pet Simulator", "Pet Simulator\Pet Simulator.csproj", "{078D88C0-3ED5-4D62-AA98-722D0CEB7554}"
EndProject
Global
	GlobalSection(SolutionConfigurationPlatforms) = preSolution
		Debug|Any CPU = Debug|Any CPU
		Release|Any CPU = Release|Any CPU
	EndGlobalSection
	GlobalSection(ProjectConfigurationPlatforms) = postSolution
		{078D88C0-3ED5-4D62-AA98-722D0CEB7554}.Debug|Any CPU.ActiveCfg = Debug|Any CPU
		{078D88C0-3ED5-4D62-AA98-722D0CEB7554}.Debug|Any CPU.Build.0 = Debug|Any CPU
		{078D88C0-3ED5-4D62-AA98-722D0CEB7554}.Release|Any CPU.ActiveCfg = Release|Any CPU
		{078D88C0-3ED5-4D62-AA98-722D0CEB7554}.Release|Any CPU.Build.0 = Release|Any CPU
	EndGlobalSection
	GlobalSection(SolutionProperties) = preSolution
		HideSolutionNode = FALSE
	EndGlobalSection
	GlobalSection(ExtensibilityGlobals) = postSolution
		SolutionGuid = {69208D33-3970-42F2-B576-B34982DABA50}
	EndGlobalSection
EndGlobal
